
Microsoft Visual Studio Solution File, Format Version 12.00
# Visual Studio 15
VisualStudioVersion = 15.0.28010.2036
MinimumVisualStudioVersion = 10.0.40219.1
Project("{F184B08F-C81C-45F6-A57F-5ABD9991F28F}") = "Stack2", "Stack2\Stack2.vbproj", "{94F4B74B-AA40-4698-99C0-666A16A37064}"
EndProject
Global
	GlobalSection(SolutionConfigurationPlatforms) = preSolution
		Debug|Any CPU = Debug|Any CPU
		Release|Any CPU = Release|Any CPU
	EndGlobalSection
	GlobalSection(ProjectConfigurationPlatforms) = postSolution
		{94F4B74B-AA40-4698-99C0-666A16A37064}.Debug|Any CPU.ActiveCfg = Debug|Any CPU
		{94F4B74B-AA40-4698-99C0-666A16A37064}.Debug|Any CPU.Build.0 = Debug|Any CPU
		{94F4B74B-AA40-4698-99C0-666A16A37064}.Release|Any CPU.ActiveCfg = Release|Any CPU
		{94F4B74B-AA40-4698-99C0-666A16A37064}.Release|Any CPU.Build.0 = Release|Any CPU
	EndGlobalSection
	GlobalSection(SolutionProperties) = preSolution
		HideSolutionNode = FALSE
	EndGlobalSection
	GlobalSection(ExtensibilityGlobals) = postSolution
		SolutionGuid = {55FE19AF-65B2-459E-AB84-E58B4AD167F9}
	EndGlobalSection
EndGlobal
